
Microsoft Visual Studio Solution File, Format Version 12.00
# Visual Studio Version 17
VisualStudioVersion = 17.11.35327.3
MinimumVisualStudioVersion = 10.0.40219.1
Project("{9A19103F-16F7-4668-BE54-9A1E7A4F7556}") = "EventManager.Service", "EventManager.Service.csproj", "{4E3CDB46-F65B-4A8A-A467-E6639CF31B38}"
EndProject
Global
	GlobalSection(SolutionConfigurationPlatforms) = preSolution
		Debug|Any CPU = Debug|Any CPU
		Release|Any CPU = Release|Any CPU
	EndGlobalSection
	GlobalSection(ProjectConfigurationPlatforms) = postSolution
		{4E3CDB46-F65B-4A8A-A467-E6639CF31B38}.Debug|Any CPU.ActiveCfg = Debug|Any CPU
		{4E3CDB46-F65B-4A8A-A467-E6639CF31B38}.Debug|Any CPU.Build.0 = Debug|Any CPU
		{4E3CDB46-F65B-4A8A-A467-E6639CF31B38}.Release|Any CPU.ActiveCfg = Release|Any CPU
		{4E3CDB46-F65B-4A8A-A467-E6639CF31B38}.Release|Any CPU.Build.0 = Release|Any CPU
	EndGlobalSection
	GlobalSection(SolutionProperties) = preSolution
		HideSolutionNode = FALSE
	EndGlobalSection
	GlobalSection(ExtensibilityGlobals) = postSolution
		SolutionGuid = {EABD79FE-E0EB-4B3B-921B-DF0C2641FFF4}
	EndGlobalSection
EndGlobal
